
Microsoft Visual Studio Solution File, Format Version 12.00
# Visual Studio Version 16
VisualStudioVersion = 16.0.30611.23
MinimumVisualStudioVersion = 10.0.40219.1
Project("{2150E333-8FDC-42A3-9474-1A3956D46DE8}") = "src", "src", "{A94A454E-B67D-440E-A483-ED4DCBD3663D}"
EndProject
Project("{2150E333-8FDC-42A3-9474-1A3956D46DE8}") = "tests", "tests", "{90DDCA99-ED0E-4AEB-B796-43BED8909EB2}"
EndProject
Project("{2150E333-8FDC-42A3-9474-1A3956D46DE8}") = "Solution Items", "Solution Items", "{AA4FE4A9-EF89-48EE-B66E-C00E3A6E7197}"
	ProjectSection(SolutionItems) = preProject
		.editorconfig = .editorconfig
		.gitignore = .gitignore
		LICENSE.md = LICENSE.md
		README.md = README.md
	EndProjectSection
EndProject
Project("{FAE04EC0-301F-11D3-BF4B-00C04F79EFBC}") = "WordCounter.Tests", "tests\WordCounter.Tests\WordCounter.Tests.csproj", "{539C4973-4C74-4273-96F4-05205B82D439}"
EndProject
Project("{FAE04EC0-301F-11D3-BF4B-00C04F79EFBC}") = "WordCounter", "src\WordCounter\WordCounter.csproj", "{14537BCD-AEF9-4284-9839-F174B48C8A13}"
EndProject
Project("{FAE04EC0-301F-11D3-BF4B-00C04F79EFBC}") = "WordCounter.WinForms", "src\WordCounter.WinForms\WordCounter.WinForms.csproj", "{8A656245-91FE-43A4-9278-695DC7A5B667}"
EndProject
Project("{FAE04EC0-301F-11D3-BF4B-00C04F79EFBC}") = "WordCounter.Wpf", "src\WordCounter.Wpf\WordCounter.Wpf.csproj", "{44149939-691C-4F77-AC43-05A6F1DFC7E5}"
EndProject
Global
	GlobalSection(SolutionConfigurationPlatforms) = preSolution
		Debug|Any CPU = Debug|Any CPU
		Release|Any CPU = Release|Any CPU
	EndGlobalSection
	GlobalSection(ProjectConfigurationPlatforms) = postSolution
		{539C4973-4C74-4273-96F4-05205B82D439}.Debug|Any CPU.ActiveCfg = Debug|Any CPU
		{539C4973-4C74-4273-96F4-05205B82D439}.Debug|Any CPU.Build.0 = Debug|Any CPU
		{539C4973-4C74-4273-96F4-05205B82D439}.Release|Any CPU.ActiveCfg = Release|Any CPU
		{539C4973-4C74-4273-96F4-05205B82D439}.Release|Any CPU.Build.0 = Release|Any CPU
		{14537BCD-AEF9-4284-9839-F174B48C8A13}.Debug|Any CPU.ActiveCfg = Debug|Any CPU
		{14537BCD-AEF9-4284-9839-F174B48C8A13}.Debug|Any CPU.Build.0 = Debug|Any CPU
		{14537BCD-AEF9-4284-9839-F174B48C8A13}.Release|Any CPU.ActiveCfg = Release|Any CPU
		{14537BCD-AEF9-4284-9839-F174B48C8A13}.Release|Any CPU.Build.0 = Release|Any CPU
		{8A656245-91FE-43A4-9278-695DC7A5B667}.Debug|Any CPU.ActiveCfg = Debug|Any CPU
		{8A656245-91FE-43A4-9278-695DC7A5B667}.Debug|Any CPU.Build.0 = Debug|Any CPU
		{8A656245-91FE-43A4-9278-695DC7A5B667}.Release|Any CPU.ActiveCfg = Release|Any CPU
		{8A656245-91FE-43A4-9278-695DC7A5B667}.Release|Any CPU.Build.0 = Release|Any CPU
		{44149939-691C-4F77-AC43-05A6F1DFC7E5}.Debug|Any CPU.ActiveCfg = Debug|Any CPU
		{44149939-691C-4F77-AC43-05A6F1DFC7E5}.Debug|Any CPU.Build.0 = Debug|Any CPU
		{44149939-691C-4F77-AC43-05A6F1DFC7E5}.Release|Any CPU.ActiveCfg = Release|Any CPU
		{44149939-691C-4F77-AC43-05A6F1DFC7E5}.Release|Any CPU.Build.0 = Release|Any CPU
	EndGlobalSection
	GlobalSection(SolutionProperties) = preSolution
		HideSolutionNode = FALSE
	EndGlobalSection
	GlobalSection(NestedProjects) = preSolution
		{539C4973-4C74-4273-96F4-05205B82D439} = {90DDCA99-ED0E-4AEB-B796-43BED8909EB2}
		{14537BCD-AEF9-4284-9839-F174B48C8A13} = {A94A454E-B67D-440E-A483-ED4DCBD3663D}
		{8A656245-91FE-43A4-9278-695DC7A5B667} = {A94A454E-B67D-440E-A483-ED4DCBD3663D}
		{44149939-691C-4F77-AC43-05A6F1DFC7E5} = {A94A454E-B67D-440E-A483-ED4DCBD3663D}
	EndGlobalSection
	GlobalSection(ExtensibilityGlobals) = postSolution
		SolutionGuid = {15B04903-E171-4E42-B6A3-4FC6DC57B28B}
	EndGlobalSection
EndGlobal
